
Microsoft Visual Studio Solution File, Format Version 12.00
# Visual Studio Version 16
VisualStudioVersion = 16.0.30523.141
MinimumVisualStudioVersion = 15.0.26124.0
Project("{2150E333-8FDC-42A3-9474-1A3956D46DE8}") = "src", "src", "{C81062A2-8A21-4AC9-83B3-236CCDC1F294}"
EndProject
Project("{9A19103F-16F7-4668-BE54-9A1E7A4F7556}") = "WebApp", "src\WebApp\WebApp.csproj", "{4232D7AC-133B-439A-9F66-3B4ABF3E9735}"
EndProject
Project("{2150E333-8FDC-42A3-9474-1A3956D46DE8}") = "test", "test", "{E7884DD5-2A7F-457E-9CA1-4609235C7732}"
EndProject
Project("{9A19103F-16F7-4668-BE54-9A1E7A4F7556}") = "WebApp.InMemoryTests", "test\WebApp.InMemoryTests\WebApp.InMemoryTests.csproj", "{72C4264F-3C51-4209-B608-A0BF103BAB3B}"
EndProject
Project("{FAE04EC0-301F-11D3-BF4B-00C04F79EFBC}") = "Domain", "src\Domain\Domain.csproj", "{F183BED2-1196-4089-85AC-667B6ECC153D}"
EndProject
Project("{FAE04EC0-301F-11D3-BF4B-00C04F79EFBC}") = "Domain.Tests", "test\Domain.Tests\Domain.Tests.csproj", "{BE782476-ECB7-4F8A-8D65-E36D301E582E}"
EndProject
Project("{FAE04EC0-301F-11D3-BF4B-00C04F79EFBC}") = "Persistence", "src\Persistence\Persistence.csproj", "{08A8400D-78C4-4B58-A1F8-CD4CCC7C6BAD}"
EndProject
Global
	GlobalSection(SolutionConfigurationPlatforms) = preSolution
		Debug|Any CPU = Debug|Any CPU
		Debug|x64 = Debug|x64
		Debug|x86 = Debug|x86
		Release|Any CPU = Release|Any CPU
		Release|x64 = Release|x64
		Release|x86 = Release|x86
	EndGlobalSection
	GlobalSection(ProjectConfigurationPlatforms) = postSolution
		{4232D7AC-133B-439A-9F66-3B4ABF3E9735}.Debug|Any CPU.ActiveCfg = Debug|Any CPU
		{4232D7AC-133B-439A-9F66-3B4ABF3E9735}.Debug|Any CPU.Build.0 = Debug|Any CPU
		{4232D7AC-133B-439A-9F66-3B4ABF3E9735}.Debug|x64.ActiveCfg = Debug|Any CPU
		{4232D7AC-133B-439A-9F66-3B4ABF3E9735}.Debug|x64.Build.0 = Debug|Any CPU
		{4232D7AC-133B-439A-9F66-3B4ABF3E9735}.Debug|x86.ActiveCfg = Debug|Any CPU
		{4232D7AC-133B-439A-9F66-3B4ABF3E9735}.Debug|x86.Build.0 = Debug|Any CPU
		{4232D7AC-133B-439A-9F66-3B4ABF3E9735}.Release|Any CPU.ActiveCfg = Release|Any CPU
		{4232D7AC-133B-439A-9F66-3B4ABF3E9735}.Release|Any CPU.Build.0 = Release|Any CPU
		{4232D7AC-133B-439A-9F66-3B4ABF3E9735}.Release|x64.ActiveCfg = Release|Any CPU
		{4232D7AC-133B-439A-9F66-3B4ABF3E9735}.Release|x64.Build.0 = Release|Any CPU
		{4232D7AC-133B-439A-9F66-3B4ABF3E9735}.Release|x86.ActiveCfg = Release|Any CPU
		{4232D7AC-133B-439A-9F66-3B4ABF3E9735}.Release|x86.Build.0 = Release|Any CPU
		{72C4264F-3C51-4209-B608-A0BF103BAB3B}.Debug|Any CPU.ActiveCfg = Debug|Any CPU
		{72C4264F-3C51-4209-B608-A0BF103BAB3B}.Debug|Any CPU.Build.0 = Debug|Any CPU
		{72C4264F-3C51-4209-B608-A0BF103BAB3B}.Debug|x64.ActiveCfg = Debug|Any CPU
		{72C4264F-3C51-4209-B608-A0BF103BAB3B}.Debug|x64.Build.0 = Debug|Any CPU
		{72C4264F-3C51-4209-B608-A0BF103BAB3B}.Debug|x86.ActiveCfg = Debug|Any CPU
		{72C4264F-3C51-4209-B608-A0BF103BAB3B}.Debug|x86.Build.0 = Debug|Any CPU
		{72C4264F-3C51-4209-B608-A0BF103BAB3B}.Release|Any CPU.ActiveCfg = Release|Any CPU
		{72C4264F-3C51-4209-B608-A0BF103BAB3B}.Release|Any CPU.Build.0 = Release|Any CPU
		{72C4264F-3C51-4209-B608-A0BF103BAB3B}.Release|x64.ActiveCfg = Release|Any CPU
		{72C4264F-3C51-4209-B608-A0BF103BAB3B}.Release|x64.Build.0 = Release|Any CPU
		{72C4264F-3C51-4209-B608-A0BF103BAB3B}.Release|x86.ActiveCfg = Release|Any CPU
		{72C4264F-3C51-4209-B608-A0BF103BAB3B}.Release|x86.Build.0 = Release|Any CPU
		{F183BED2-1196-4089-85AC-667B6ECC153D}.Debug|Any CPU.ActiveCfg = Debug|Any CPU
		{F183BED2-1196-4089-85AC-667B6ECC153D}.Debug|Any CPU.Build.0 = Debug|Any CPU
		{F183BED2-1196-4089-85AC-667B6ECC153D}.Debug|x64.ActiveCfg = Debug|Any CPU
		{F183BED2-1196-4089-85AC-667B6ECC153D}.Debug|x64.Build.0 = Debug|Any CPU
		{F183BED2-1196-4089-85AC-667B6ECC153D}.Debug|x86.ActiveCfg = Debug|Any CPU
		{F183BED2-1196-4089-85AC-667B6ECC153D}.Debug|x86.Build.0 = Debug|Any CPU
		{F183BED2-1196-4089-85AC-667B6ECC153D}.Release|Any CPU.ActiveCfg = Release|Any CPU
		{F183BED2-1196-4089-85AC-667B6ECC153D}.Release|Any CPU.Build.0 = Release|Any CPU
		{F183BED2-1196-4089-85AC-667B6ECC153D}.Release|x64.ActiveCfg = Release|Any CPU
		{F183BED2-1196-4089-85AC-667B6ECC153D}.Release|x64.Build.0 = Release|Any CPU
		{F183BED2-1196-4089-85AC-667B6ECC153D}.Release|x86.ActiveCfg = Release|Any CPU
		{F183BED2-1196-4089-85AC-667B6ECC153D}.Release|x86.Build.0 = Release|Any CPU
		{BE782476-ECB7-4F8A-8D65-E36D301E582E}.Debug|Any CPU.ActiveCfg = Debug|Any CPU
		{BE782476-ECB7-4F8A-8D65-E36D301E582E}.Debug|Any CPU.Build.0 = Debug|Any CPU
		{BE782476-ECB7-4F8A-8D65-E36D301E582E}.Debug|x64.ActiveCfg = Debug|Any CPU
		{BE782476-ECB7-4F8A-8D65-E36D301E582E}.Debug|x64.Build.0 = Debug|Any CPU
		{BE782476-ECB7-4F8A-8D65-E36D301E582E}.Debug|x86.ActiveCfg = Debug|Any CPU
		{BE782476-ECB7-4F8A-8D65-E36D301E582E}.Debug|x86.Build.0 = Debug|Any CPU
		{BE782476-ECB7-4F8A-8D65-E36D301E582E}.Release|Any CPU.ActiveCfg = Release|Any CPU
		{BE782476-ECB7-4F8A-8D65-E36D301E582E}.Release|Any CPU.Build.0 = Release|Any CPU
		{BE782476-ECB7-4F8A-8D65-E36D301E582E}.Release|x64.ActiveCfg = Release|Any CPU
		{BE782476-ECB7-4F8A-8D65-E36D301E582E}.Release|x64.Build.0 = Release|Any CPU
		{BE782476-ECB7-4F8A-8D65-E36D301E582E}.Release|x86.ActiveCfg = Release|Any CPU
		{BE782476-ECB7-4F8A-8D65-E36D301E582E}.Release|x86.Build.0 = Release|Any CPU
		{08A8400D-78C4-4B58-A1F8-CD4CCC7C6BAD}.Debug|Any CPU.ActiveCfg = Debug|Any CPU
		{08A8400D-78C4-4B58-A1F8-CD4CCC7C6BAD}.Debug|Any CPU.Build.0 = Debug|Any CPU
		{08A8400D-78C4-4B58-A1F8-CD4CCC7C6BAD}.Debug|x64.ActiveCfg = Debug|Any CPU
		{08A8400D-78C4-4B58-A1F8-CD4CCC7C6BAD}.Debug|x64.Build.0 = Debug|Any CPU
		{08A8400D-78C4-4B58-A1F8-CD4CCC7C6BAD}.Debug|x86.ActiveCfg = Debug|Any CPU
		{08A8400D-78C4-4B58-A1F8-CD4CCC7C6BAD}.Debug|x86.Build.0 = Debug|Any CPU
		{08A8400D-78C4-4B58-A1F8-CD4CCC7C6BAD}.Release|Any CPU.ActiveCfg = Release|Any CPU
		{08A8400D-78C4-4B58-A1F8-CD4CCC7C6BAD}.Release|Any CPU.Build.0 = Release|Any CPU
		{08A8400D-78C4-4B58-A1F8-CD4CCC7C6BAD}.Release|x64.ActiveCfg = Release|Any CPU
		{08A8400D-78C4-4B58-A1F8-CD4CCC7C6BAD}.Release|x64.Build.0 = Release|Any CPU
		{08A8400D-78C4-4B58-A1F8-CD4CCC7C6BAD}.Release|x86.ActiveCfg = Release|Any CPU
		{08A8400D-78C4-4B58-A1F8-CD4CCC7C6BAD}.Release|x86.Build.0 = Release|Any CPU
	EndGlobalSection
	GlobalSection(SolutionProperties) = preSolution
		HideSolutionNode = FALSE
	EndGlobalSection
	GlobalSection(NestedProjects) = preSolution
		{4232D7AC-133B-439A-9F66-3B4ABF3E9735} = {C81062A2-8A21-4AC9-83B3-236CCDC1F294}
		{72C4264F-3C51-4209-B608-A0BF103BAB3B} = {E7884DD5-2A7F-457E-9CA1-4609235C7732}
		{F183BED2-1196-4089-85AC-667B6ECC153D} = {C81062A2-8A21-4AC9-83B3-236CCDC1F294}
		{BE782476-ECB7-4F8A-8D65-E36D301E582E} = {E7884DD5-2A7F-457E-9CA1-4609235C7732}
		{08A8400D-78C4-4B58-A1F8-CD4CCC7C6BAD} = {C81062A2-8A21-4AC9-83B3-236CCDC1F294}
	EndGlobalSection
	GlobalSection(ExtensibilityGlobals) = postSolution
		SolutionGuid = {931EEC49-5227-4EE1-936E-D3D5F3FC025F}
	EndGlobalSection
EndGlobal
